
Microsoft Visual Studio Solution File, Format Version 12.00
# Visual Studio 14
VisualStudioVersion = 14.0.25420.1
MinimumVisualStudioVersion = 10.0.40219.1
Project("{2150E333-8FDC-42A3-9474-1A3956D46DE8}") = "Solution Items", "Solution Items", "{B6E19F61-D509-431D-B770-1455494AE310}"
	ProjectSection(SolutionItems) = preProject
		README.md = README.md
		Regulamin.pdf = Regulamin.pdf
		Zadania-MasterCoder.html = Zadania-MasterCoder.html
	EndProjectSection
EndProject
Project("{FAE04EC0-301F-11D3-BF4B-00C04F79EFBC}") = "Zadanie1", "Zadanie1\Zadanie1.csproj", "{B1D9F96B-2D9C-4BEF-AFA3-0090BD42D4E8}"
EndProject
Project("{FAE04EC0-301F-11D3-BF4B-00C04F79EFBC}") = "MasterCoderTesty", "MasterCoderTesty\MasterCoderTesty.csproj", "{AB933D68-8985-4C56-B9B1-84B9B3EEC806}"
EndProject
Project("{FAE04EC0-301F-11D3-BF4B-00C04F79EFBC}") = "Zadanie2", "Zadanie2\Zadanie2.csproj", "{EA5EC0A6-2040-4B48-BA20-33AC5D7385A1}"
EndProject
Global
	GlobalSection(SolutionConfigurationPlatforms) = preSolution
		Debug|Any CPU = Debug|Any CPU
		Release|Any CPU = Release|Any CPU
	EndGlobalSection
	GlobalSection(ProjectConfigurationPlatforms) = postSolution
		{B1D9F96B-2D9C-4BEF-AFA3-0090BD42D4E8}.Debug|Any CPU.ActiveCfg = Debug|Any CPU
		{B1D9F96B-2D9C-4BEF-AFA3-0090BD42D4E8}.Debug|Any CPU.Build.0 = Debug|Any CPU
		{B1D9F96B-2D9C-4BEF-AFA3-0090BD42D4E8}.Release|Any CPU.ActiveCfg = Release|Any CPU
		{B1D9F96B-2D9C-4BEF-AFA3-0090BD42D4E8}.Release|Any CPU.Build.0 = Release|Any CPU
		{AB933D68-8985-4C56-B9B1-84B9B3EEC806}.Debug|Any CPU.ActiveCfg = Debug|Any CPU
		{AB933D68-8985-4C56-B9B1-84B9B3EEC806}.Debug|Any CPU.Build.0 = Debug|Any CPU
		{AB933D68-8985-4C56-B9B1-84B9B3EEC806}.Release|Any CPU.ActiveCfg = Release|Any CPU
		{AB933D68-8985-4C56-B9B1-84B9B3EEC806}.Release|Any CPU.Build.0 = Release|Any CPU
		{EA5EC0A6-2040-4B48-BA20-33AC5D7385A1}.Debug|Any CPU.ActiveCfg = Debug|Any CPU
		{EA5EC0A6-2040-4B48-BA20-33AC5D7385A1}.Debug|Any CPU.Build.0 = Debug|Any CPU
		{EA5EC0A6-2040-4B48-BA20-33AC5D7385A1}.Release|Any CPU.ActiveCfg = Release|Any CPU
		{EA5EC0A6-2040-4B48-BA20-33AC5D7385A1}.Release|Any CPU.Build.0 = Release|Any CPU
	EndGlobalSection
	GlobalSection(SolutionProperties) = preSolution
		HideSolutionNode = FALSE
	EndGlobalSection
EndGlobal
