
Microsoft Visual Studio Solution File, Format Version 12.00
# Visual Studio 14
VisualStudioVersion = 14.0.25420.1
MinimumVisualStudioVersion = 10.0.40219.1
Project("{2150E333-8FDC-42A3-9474-1A3956D46DE8}") = "Solution Items", "Solution Items", "{B6E19F61-D509-431D-B770-1455494AE310}"
	ProjectSection(SolutionItems) = preProject
		README.md = README.md
		Regulamin.pdf = Regulamin.pdf
		Zadania-MasterCoder.html = Zadania-MasterCoder.html
	EndProjectSection
EndProject
Project("{FAE04EC0-301F-11D3-BF4B-00C04F79EFBC}") = "Zadanie1", "Zadanie1\Zadanie1.csproj", "{B1D9F96B-2D9C-4BEF-AFA3-0090BD42D4E8}"
EndProject
Project("{FAE04EC0-301F-11D3-BF4B-00C04F79EFBC}") = "MasterCoderTesty", "MasterCoderTesty\MasterCoderTesty.csproj", "{AB933D68-8985-4C56-B9B1-84B9B3EEC806}"
EndProject
Project("{FAE04EC0-301F-11D3-BF4B-00C04F79EFBC}") = "Zadanie2", "Zadanie2\Zadanie2.csproj", "{EA5EC0A6-2040-4B48-BA20-33AC5D7385A1}"
EndProject
Project("{FAE04EC0-301F-11D3-BF4B-00C04F79EFBC}") = "Zadanie3", "Zadanie3\Zadanie3.csproj", "{8C21581F-E256-4824-9297-7374EB0E5862}"
EndProject
Project("{FAE04EC0-301F-11D3-BF4B-00C04F79EFBC}") = "Zadanie4", "Zadanie4\Zadanie4.csproj", "{1F7B30C1-0AFC-48DC-90CD-1AE55ACE8B52}"
EndProject
Project("{FAE04EC0-301F-11D3-BF4B-00C04F79EFBC}") = "Zadanie5", "Zadanie5\Zadanie5.csproj", "{FB18BF46-49AF-4F0F-92EF-9E43479D3742}"
EndProject
Project("{FAE04EC0-301F-11D3-BF4B-00C04F79EFBC}") = "Zadanie6", "Zadanie6\Zadanie6.csproj", "{2B8E4C1E-5033-4472-8D60-39B21D137E00}"
EndProject
Project("{FAE04EC0-301F-11D3-BF4B-00C04F79EFBC}") = "Zadanie7", "Zadanie7\Zadanie7.csproj", "{27AC826A-76E3-4B3D-AAF0-9E401389B480}"
EndProject
Project("{FAE04EC0-301F-11D3-BF4B-00C04F79EFBC}") = "MasterCoder", "MasterCoder\MasterCoder.csproj", "{50332173-C35C-4861-94B4-88CA8BCBF29E}"
EndProject
Project("{FAE04EC0-301F-11D3-BF4B-00C04F79EFBC}") = "Zadanie8", "Zadanie8\Zadanie8.csproj", "{CF55F617-611F-4E87-878A-51A7B0B43C3C}"
EndProject
Global
	GlobalSection(SolutionConfigurationPlatforms) = preSolution
		Debug|Any CPU = Debug|Any CPU
		Release|Any CPU = Release|Any CPU
	EndGlobalSection
	GlobalSection(ProjectConfigurationPlatforms) = postSolution
		{B1D9F96B-2D9C-4BEF-AFA3-0090BD42D4E8}.Debug|Any CPU.ActiveCfg = Debug|Any CPU
		{B1D9F96B-2D9C-4BEF-AFA3-0090BD42D4E8}.Debug|Any CPU.Build.0 = Debug|Any CPU
		{B1D9F96B-2D9C-4BEF-AFA3-0090BD42D4E8}.Release|Any CPU.ActiveCfg = Release|Any CPU
		{B1D9F96B-2D9C-4BEF-AFA3-0090BD42D4E8}.Release|Any CPU.Build.0 = Release|Any CPU
		{AB933D68-8985-4C56-B9B1-84B9B3EEC806}.Debug|Any CPU.ActiveCfg = Debug|Any CPU
		{AB933D68-8985-4C56-B9B1-84B9B3EEC806}.Debug|Any CPU.Build.0 = Debug|Any CPU
		{AB933D68-8985-4C56-B9B1-84B9B3EEC806}.Release|Any CPU.ActiveCfg = Release|Any CPU
		{AB933D68-8985-4C56-B9B1-84B9B3EEC806}.Release|Any CPU.Build.0 = Release|Any CPU
		{EA5EC0A6-2040-4B48-BA20-33AC5D7385A1}.Debug|Any CPU.ActiveCfg = Debug|Any CPU
		{EA5EC0A6-2040-4B48-BA20-33AC5D7385A1}.Debug|Any CPU.Build.0 = Debug|Any CPU
		{EA5EC0A6-2040-4B48-BA20-33AC5D7385A1}.Release|Any CPU.ActiveCfg = Release|Any CPU
		{EA5EC0A6-2040-4B48-BA20-33AC5D7385A1}.Release|Any CPU.Build.0 = Release|Any CPU
		{8C21581F-E256-4824-9297-7374EB0E5862}.Debug|Any CPU.ActiveCfg = Debug|Any CPU
		{8C21581F-E256-4824-9297-7374EB0E5862}.Debug|Any CPU.Build.0 = Debug|Any CPU
		{8C21581F-E256-4824-9297-7374EB0E5862}.Release|Any CPU.ActiveCfg = Release|Any CPU
		{8C21581F-E256-4824-9297-7374EB0E5862}.Release|Any CPU.Build.0 = Release|Any CPU
		{1F7B30C1-0AFC-48DC-90CD-1AE55ACE8B52}.Debug|Any CPU.ActiveCfg = Debug|Any CPU
		{1F7B30C1-0AFC-48DC-90CD-1AE55ACE8B52}.Debug|Any CPU.Build.0 = Debug|Any CPU
		{1F7B30C1-0AFC-48DC-90CD-1AE55ACE8B52}.Release|Any CPU.ActiveCfg = Release|Any CPU
		{1F7B30C1-0AFC-48DC-90CD-1AE55ACE8B52}.Release|Any CPU.Build.0 = Release|Any CPU
		{FB18BF46-49AF-4F0F-92EF-9E43479D3742}.Debug|Any CPU.ActiveCfg = Debug|Any CPU
		{FB18BF46-49AF-4F0F-92EF-9E43479D3742}.Debug|Any CPU.Build.0 = Debug|Any CPU
		{FB18BF46-49AF-4F0F-92EF-9E43479D3742}.Release|Any CPU.ActiveCfg = Release|Any CPU
		{FB18BF46-49AF-4F0F-92EF-9E43479D3742}.Release|Any CPU.Build.0 = Release|Any CPU
		{2B8E4C1E-5033-4472-8D60-39B21D137E00}.Debug|Any CPU.ActiveCfg = Debug|Any CPU
		{2B8E4C1E-5033-4472-8D60-39B21D137E00}.Debug|Any CPU.Build.0 = Debug|Any CPU
		{2B8E4C1E-5033-4472-8D60-39B21D137E00}.Release|Any CPU.ActiveCfg = Release|Any CPU
		{2B8E4C1E-5033-4472-8D60-39B21D137E00}.Release|Any CPU.Build.0 = Release|Any CPU
		{27AC826A-76E3-4B3D-AAF0-9E401389B480}.Debug|Any CPU.ActiveCfg = Debug|Any CPU
		{27AC826A-76E3-4B3D-AAF0-9E401389B480}.Debug|Any CPU.Build.0 = Debug|Any CPU
		{27AC826A-76E3-4B3D-AAF0-9E401389B480}.Release|Any CPU.ActiveCfg = Release|Any CPU
		{27AC826A-76E3-4B3D-AAF0-9E401389B480}.Release|Any CPU.Build.0 = Release|Any CPU
		{50332173-C35C-4861-94B4-88CA8BCBF29E}.Debug|Any CPU.ActiveCfg = Debug|Any CPU
		{50332173-C35C-4861-94B4-88CA8BCBF29E}.Debug|Any CPU.Build.0 = Debug|Any CPU
		{50332173-C35C-4861-94B4-88CA8BCBF29E}.Release|Any CPU.ActiveCfg = Release|Any CPU
		{50332173-C35C-4861-94B4-88CA8BCBF29E}.Release|Any CPU.Build.0 = Release|Any CPU
		{CF55F617-611F-4E87-878A-51A7B0B43C3C}.Debug|Any CPU.ActiveCfg = Debug|Any CPU
		{CF55F617-611F-4E87-878A-51A7B0B43C3C}.Debug|Any CPU.Build.0 = Debug|Any CPU
		{CF55F617-611F-4E87-878A-51A7B0B43C3C}.Release|Any CPU.ActiveCfg = Release|Any CPU
		{CF55F617-611F-4E87-878A-51A7B0B43C3C}.Release|Any CPU.Build.0 = Release|Any CPU
	EndGlobalSection
	GlobalSection(SolutionProperties) = preSolution
		HideSolutionNode = FALSE
	EndGlobalSection
EndGlobal
